dependencies:
- name: postgresql
  repository: oci://registry-1.docker.io/bitnamicharts
  version: 16.7.2
- name: common
  repository: oci://registry-1.docker.io/bitnamicharts
  version: 2.31.1
digest: sha256:ba292a4daccbf00d0228313cd5e0748b25d79cd5ca5159382e73a7e41da8d87d
generated: "2025-05-09T22:44:17.725569147Z"
