dependencies:
- name: postgresql
  repository: oci://registry-1.docker.io/bitnamicharts
  version: 16.6.0
- name: common
  repository: oci://registry-1.docker.io/bitnamicharts
  version: 2.30.0
digest: sha256:7ec4955a68feafa2cd44cb6300ac1577895e12adad98b6ac5768bb6c1d618b37
generated: "2025-03-28T12:37:03.960281922Z"
